
Microsoft Visual Studio Solution File, Format Version 12.00
# Visual Studio Version 16
VisualStudioVersion = 16.0.30114.105
MinimumVisualStudioVersion = 10.0.40219.1
Project("{FAE04EC0-301F-11D3-BF4B-00C04F79EFBC}") = "Portfolio", "Portfolio\Portfolio.csproj", "{AEB20F09-7D2A-41CE-A89E-8F9A5C06D5C7}"
EndProject
Global
	GlobalSection(SolutionConfigurationPlatforms) = preSolution
		Debug|Any CPU = Debug|Any CPU
		Release|Any CPU = Release|Any CPU
	EndGlobalSection
	GlobalSection(ProjectConfigurationPlatforms) = postSolution
		{AEB20F09-7D2A-41CE-A89E-8F9A5C06D5C7}.Debug|Any CPU.ActiveCfg = Debug|Any CPU
		{AEB20F09-7D2A-41CE-A89E-8F9A5C06D5C7}.Debug|Any CPU.Build.0 = Debug|Any CPU
		{AEB20F09-7D2A-41CE-A89E-8F9A5C06D5C7}.Release|Any CPU.ActiveCfg = Release|Any CPU
		{AEB20F09-7D2A-41CE-A89E-8F9A5C06D5C7}.Release|Any CPU.Build.0 = Release|Any CPU
	EndGlobalSection
	GlobalSection(SolutionProperties) = preSolution
		HideSolutionNode = FALSE
	EndGlobalSection
	GlobalSection(ExtensibilityGlobals) = postSolution
		SolutionGuid = {C23F8693-A55D-4DCC-B5A1-CA8FC22604D2}
	EndGlobalSection
EndGlobal
